
Microsoft Visual Studio Solution File, Format Version 12.00
# Visual Studio Version 16
VisualStudioVersion = 16.0.31129.286
MinimumVisualStudioVersion = 10.0.40219.1
Project("{9A19103F-16F7-4668-BE54-9A1E7A4F7556}") = "ContactBookAPI", "ContactBookAPI\ContactBookAPI.csproj", "{E7E3AB5F-87F6-4022-B8BD-868A9EFF7279}"
EndProject
Project("{9A19103F-16F7-4668-BE54-9A1E7A4F7556}") = "ContactBookAPI.Lib.Model", "ContactBookAPI.Lib.Model\ContactBookAPI.Lib.Model.csproj", "{4F0F284A-E164-4E46-98CC-60495F03A9DF}"
EndProject
Project("{9A19103F-16F7-4668-BE54-9A1E7A4F7556}") = "ContactBookAPI.Lib.Core", "ContactBookAPI.Lib.Core\ContactBookAPI.Lib.Core.csproj", "{79BD35F3-9E52-4EFF-8A61-F1EE6668BE3E}"
EndProject
Project("{9A19103F-16F7-4668-BE54-9A1E7A4F7556}") = "ContactBookAPI.Lib.Data", "ContactBookAPI.Lib.Data\ContactBookAPI.Lib.Data.csproj", "{C4AC1A3C-392C-4E03-911C-6C60AE6BF742}"
EndProject
Project("{FAE04EC0-301F-11D3-BF4B-00C04F79EFBC}") = "ContactBookAPI.Lib.Utility", "ContactBookAPI.Lib.Utility\ContactBookAPI.Lib.Utility.csproj", "{D0FEC61F-90B3-4EF6-8701-4AEA0CC32549}"
EndProject
Global
	GlobalSection(SolutionConfigurationPlatforms) = preSolution
		Debug|Any CPU = Debug|Any CPU
		Release|Any CPU = Release|Any CPU
	EndGlobalSection
	GlobalSection(ProjectConfigurationPlatforms) = postSolution
		{E7E3AB5F-87F6-4022-B8BD-868A9EFF7279}.Debug|Any CPU.ActiveCfg = Debug|Any CPU
		{E7E3AB5F-87F6-4022-B8BD-868A9EFF7279}.Debug|Any CPU.Build.0 = Debug|Any CPU
		{E7E3AB5F-87F6-4022-B8BD-868A9EFF7279}.Release|Any CPU.ActiveCfg = Release|Any CPU
		{E7E3AB5F-87F6-4022-B8BD-868A9EFF7279}.Release|Any CPU.Build.0 = Release|Any CPU
		{4F0F284A-E164-4E46-98CC-60495F03A9DF}.Debug|Any CPU.ActiveCfg = Debug|Any CPU
		{4F0F284A-E164-4E46-98CC-60495F03A9DF}.Debug|Any CPU.Build.0 = Debug|Any CPU
		{4F0F284A-E164-4E46-98CC-60495F03A9DF}.Release|Any CPU.ActiveCfg = Release|Any CPU
		{4F0F284A-E164-4E46-98CC-60495F03A9DF}.Release|Any CPU.Build.0 = Release|Any CPU
		{79BD35F3-9E52-4EFF-8A61-F1EE6668BE3E}.Debug|Any CPU.ActiveCfg = Debug|Any CPU
		{79BD35F3-9E52-4EFF-8A61-F1EE6668BE3E}.Debug|Any CPU.Build.0 = Debug|Any CPU
		{79BD35F3-9E52-4EFF-8A61-F1EE6668BE3E}.Release|Any CPU.ActiveCfg = Release|Any CPU
		{79BD35F3-9E52-4EFF-8A61-F1EE6668BE3E}.Release|Any CPU.Build.0 = Release|Any CPU
		{C4AC1A3C-392C-4E03-911C-6C60AE6BF742}.Debug|Any CPU.ActiveCfg = Debug|Any CPU
		{C4AC1A3C-392C-4E03-911C-6C60AE6BF742}.Debug|Any CPU.Build.0 = Debug|Any CPU
		{C4AC1A3C-392C-4E03-911C-6C60AE6BF742}.Release|Any CPU.ActiveCfg = Release|Any CPU
		{C4AC1A3C-392C-4E03-911C-6C60AE6BF742}.Release|Any CPU.Build.0 = Release|Any CPU
		{D0FEC61F-90B3-4EF6-8701-4AEA0CC32549}.Debug|Any CPU.ActiveCfg = Debug|Any CPU
		{D0FEC61F-90B3-4EF6-8701-4AEA0CC32549}.Debug|Any CPU.Build.0 = Debug|Any CPU
		{D0FEC61F-90B3-4EF6-8701-4AEA0CC32549}.Release|Any CPU.ActiveCfg = Release|Any CPU
		{D0FEC61F-90B3-4EF6-8701-4AEA0CC32549}.Release|Any CPU.Build.0 = Release|Any CPU
	EndGlobalSection
	GlobalSection(SolutionProperties) = preSolution
		HideSolutionNode = FALSE
	EndGlobalSection
	GlobalSection(ExtensibilityGlobals) = postSolution
		SolutionGuid = {3A71E154-A577-4EFA-95D2-EE263BE63563}
	EndGlobalSection
EndGlobal
